{
  "name": "fixture-root",
  "lockfileVersion": 3,
  "packages": {
    "": {
      "name": "fixture-root",
      "dependencies": { "next": "15.0.0" },
      "devDependencies": { "vitest": "^1.0.0" }
    },
    "node_modules/debug": { "version": "4.3.4", "dev": true, "dependencies": { "ms": "2.1.2" } },
    "node_modules/ms": { "version": "2.1.2", "dev": true },
    "node_modules/nanoid": { "version": "3.3.7" },
    "node_modules/next": { "version": "15.0.0", "dependencies": { "postcss": "8.4.31" } },
    "node_modules/postcss": { "version": "8.4.31", "dependencies": { "nanoid": "3.3.7" } },
    "node_modules/vitest": { "version": "1.0.0", "dev": true, "dependencies": { "debug": "4.3.4", "nanoid": "3.3.7" } }
  }
}
