# yarn lockfile v1

debug@4.3.4:
  version "4.3.4"
  resolved "https://registry.yarnpkg.com/debug/-/debug-4.3.4.tgz#aaa"
  dependencies:
    ms "2.1.2"

ms@2.1.2:
  version "2.1.2"
  resolved "https://registry.yarnpkg.com/ms/-/ms-2.1.2.tgz#bbb"

nanoid@3.3.7:
  version "3.3.7"
  resolved "https://registry.yarnpkg.com/nanoid/-/nanoid-3.3.7.tgz#ccc"

next@15.0.0:
  version "15.0.0"
  resolved "https://registry.yarnpkg.com/next/-/next-15.0.0.tgz#ddd"
  dependencies:
    postcss "8.4.31"

postcss@8.4.31:
  version "8.4.31"
  resolved "https://registry.yarnpkg.com/postcss/-/postcss-8.4.31.tgz#eee"
  dependencies:
    nanoid "3.3.7"

vitest@^1.0.0:
  version "1.0.0"
  resolved "https://registry.yarnpkg.com/vitest/-/vitest-1.0.0.tgz#fff"
  dependencies:
    debug "4.3.4"
    nanoid "3.3.7"
